// !$*UTF8*$!
{
	archiveVersion = 1;
	classes = {
	};
	objectVersion = 50;
	objects = {

/* Begin PBXBuildFile section */
		5101344D229BC49300ABE97F /* WalletLinkWebSocket.swift in Sources */ = {isa = PBXBuildFile; fileRef = 5101344C229BC49300ABE97F /* WalletLinkWebSocket.swift */; };
		510861082290039C0060C12F /* String+WalletLink.swift in Sources */ = {isa = PBXBuildFile; fileRef = 510861072290039C0060C12F /* String+WalletLink.swift */; };
		5108610A229008E30060C12F /* SetSessionConfigMessageDTO.swift in Sources */ = {isa = PBXBuildFile; fileRef = 51086109229008E30060C12F /* SetSessionConfigMessageDTO.swift */; };
		5108610C229009B60060C12F /* SetMetadataMessageDTO.swift in Sources */ = {isa = PBXBuildFile; fileRef = 5108610B229009B60060C12F /* SetMetadataMessageDTO.swift */; };
		5108610E22900EAF0060C12F /* ClientMetadataKey.swift in Sources */ = {isa = PBXBuildFile; fileRef = 5108610D22900EAF0060C12F /* ClientMetadataKey.swift */; };
		512BC9692299AAE3008D9589 /* PublishEventDTO.swift in Sources */ = {isa = PBXBuildFile; fileRef = 512BC9682299AAE3008D9589 /* PublishEventDTO.swift */; };
		5138B7B922979630007D6DB5 /* WalletLink.swift in Sources */ = {isa = PBXBuildFile; fileRef = 5138B7B822979630007D6DB5 /* WalletLink.swift */; };
		5159CC8B228FDE2800A257C0 /* WalletLink.h in Headers */ = {isa = PBXBuildFile; fileRef = 5159CC7D228FDE2800A257C0 /* WalletLink.h */; settings = {ATTRIBUTES = (Public, ); }; };
		5159CC96228FE2A200A257C0 /* WalletLinkConnection.swift in Sources */ = {isa = PBXBuildFile; fileRef = 5159CC95228FE2A200A257C0 /* WalletLinkConnection.swift */; };
		5159CC99228FE40C00A257C0 /* ServerRequestDTO.swift in Sources */ = {isa = PBXBuildFile; fileRef = 5159CC98228FE40C00A257C0 /* ServerRequestDTO.swift */; };
		5159CC9C228FE45E00A257C0 /* JSONDeserializable.swift in Sources */ = {isa = PBXBuildFile; fileRef = 5159CC9B228FE45E00A257C0 /* JSONDeserializable.swift */; };
		5159CC9E228FE47500A257C0 /* JSONSerializable.swift in Sources */ = {isa = PBXBuildFile; fileRef = 5159CC9D228FE47500A257C0 /* JSONSerializable.swift */; };
		5159CCA3228FE65D00A257C0 /* HostRequest.swift in Sources */ = {isa = PBXBuildFile; fileRef = 5159CCA2228FE65D00A257C0 /* HostRequest.swift */; };
		5159CCA8228FF21400A257C0 /* StoreKeys+WalletLink.swift in Sources */ = {isa = PBXBuildFile; fileRef = 5159CCA7228FF21400A257C0 /* StoreKeys+WalletLink.swift */; };
		51695C8A22901555003B974E /* WalletLinkError.swift in Sources */ = {isa = PBXBuildFile; fileRef = 51695C8922901555003B974E /* WalletLinkError.swift */; };
		51695C8C2292389E003B974E /* WalletLinkProtocol.swift in Sources */ = {isa = PBXBuildFile; fileRef = 51695C8B2292389E003B974E /* WalletLinkProtocol.swift */; };
		518388022297D28100CCB8D1 /* SessionStore.swift in Sources */ = {isa = PBXBuildFile; fileRef = 518388012297D28100CCB8D1 /* SessionStore.swift */; };
		51AFBD29229B5D0E006EBF0E /* Web3RequestDTO.swift in Sources */ = {isa = PBXBuildFile; fileRef = 51AFBD28229B5D0E006EBF0E /* Web3RequestDTO.swift */; };
		51AFBD2B229B5D24006EBF0E /* Web3ResponseDTO.swift in Sources */ = {isa = PBXBuildFile; fileRef = 51AFBD2A229B5D24006EBF0E /* Web3ResponseDTO.swift */; };
		51B8533622B1D89F004589BD /* EventType.swift in Sources */ = {isa = PBXBuildFile; fileRef = 51B8533522B1D89F004589BD /* EventType.swift */; };
		51B8533822B1E5ED004589BD /* UInt+WalletLink.swift in Sources */ = {isa = PBXBuildFile; fileRef = 51B8533722B1E5ED004589BD /* UInt+WalletLink.swift */; };
		51D42E15228FFBCD00048066 /* Session.swift in Sources */ = {isa = PBXBuildFile; fileRef = 51D42E14228FFBCD00048066 /* Session.swift */; };
		51D42E17228FFE9A00048066 /* PrimitiveSequence+WalletLink.swift in Sources */ = {isa = PBXBuildFile; fileRef = 51D42E16228FFE9A00048066 /* PrimitiveSequence+WalletLink.swift */; };
		51D42E19229001BA00048066 /* ClientResponseDTO.swift in Sources */ = {isa = PBXBuildFile; fileRef = 51D42E18229001BA00048066 /* ClientResponseDTO.swift */; };
		51D42E1E2290027A00048066 /* JoinSessionMessageDTO.swift in Sources */ = {isa = PBXBuildFile; fileRef = 51D42E1D2290027A00048066 /* JoinSessionMessageDTO.swift */; };
		51D42E202290029500048066 /* ClientMessageType.swift in Sources */ = {isa = PBXBuildFile; fileRef = 51D42E1F2290029500048066 /* ClientMessageType.swift */; };
		51D42E22229002D500048066 /* ServerMessageType.swift in Sources */ = {isa = PBXBuildFile; fileRef = 51D42E21229002D500048066 /* ServerMessageType.swift */; };
		51EC62C622998FE200B55164 /* RequestMethod.swift in Sources */ = {isa = PBXBuildFile; fileRef = 51EC62C522998FE200B55164 /* RequestMethod.swift */; };
		51FC1C10229B4ABD008CFFC2 /* HostRequestId.swift in Sources */ = {isa = PBXBuildFile; fileRef = 51FC1C0F229B4ABD008CFFC2 /* HostRequestId.swift */; };
		D2F8587596E5F85365F724E1 /* libPods-WalletLink.a in Frameworks */ = {isa = PBXBuildFile; fileRef = 67A312883E9B5BA9BF15F24C /* libPods-WalletLink.a */; };
		D32920E022EF9FF5008EF056 /* RequestRepository.swift in Sources */ = {isa = PBXBuildFile; fileRef = D32920DF22EF9FF5008EF056 /* RequestRepository.swift */; };
		D34578A922A0712A0063286E /* WalletLinkAPI.swift in Sources */ = {isa = PBXBuildFile; fileRef = D34578A822A0712A0063286E /* WalletLinkAPI.swift */; };
		D34578AB22A071B90063286E /* GetEventDTO.swift in Sources */ = {isa = PBXBuildFile; fileRef = D34578AA22A071B90063286E /* GetEventDTO.swift */; };
		D3EAC5FC22B95E8A0036DD4F /* ServerRequestDTO+WalletLink.swift in Sources */ = {isa = PBXBuildFile; fileRef = D3EAC5FB22B95E8A0036DD4F /* ServerRequestDTO+WalletLink.swift */; };
		D3EAC5FE22B9663E0036DD4F /* Credentials+WalletLink.swift in Sources */ = {isa = PBXBuildFile; fileRef = D3EAC5FD22B9663E0036DD4F /* Credentials+WalletLink.swift */; };
		E7FF908922E8D72000C4201D /* Web3RequestCanceledDTO.swift in Sources */ = {isa = PBXBuildFile; fileRef = E7FF908822E8D72000C4201D /* Web3RequestCanceledDTO.swift */; };
/* End PBXBuildFile section */

/* Begin PBXFileReference section */
		05019EE615231CD6AC769385 /* Pods-WalletLink.release.xcconfig */ = {isa = PBXFileReference; includeInIndex = 1; lastKnownFileType = text.xcconfig; name = "Pods-WalletLink.release.xcconfig"; path = "Target Support Files/Pods-WalletLink/Pods-WalletLink.release.xcconfig"; sourceTree = "<group>"; };
		28B4455D48B6DE81335F5B31 /* Pods-WalletLink.debug.xcconfig */ = {isa = PBXFileReference; includeInIndex = 1; lastKnownFileType = text.xcconfig; name = "Pods-WalletLink.debug.xcconfig"; path = "Target Support Files/Pods-WalletLink/Pods-WalletLink.debug.xcconfig"; sourceTree = "<group>"; };
		4B9E9CA49BE7C399433F3585 /* Pods-WalletLinkTests.debug.xcconfig */ = {isa = PBXFileReference; includeInIndex = 1; lastKnownFileType = text.xcconfig; name = "Pods-WalletLinkTests.debug.xcconfig"; path = "Target Support Files/Pods-WalletLinkTests/Pods-WalletLinkTests.debug.xcconfig"; sourceTree = "<group>"; };
		5101344C229BC49300ABE97F /* WalletLinkWebSocket.swift */ = {isa = PBXFileReference; fileEncoding = 4; lastKnownFileType = sourcecode.swift; path = WalletLinkWebSocket.swift; sourceTree = "<group>"; };
		510861072290039C0060C12F /* String+WalletLink.swift */ = {isa = PBXFileReference; lastKnownFileType = sourcecode.swift; path = "String+WalletLink.swift"; sourceTree = "<group>"; };
		51086109229008E30060C12F /* SetSessionConfigMessageDTO.swift */ = {isa = PBXFileReference; lastKnownFileType = sourcecode.swift; path = SetSessionConfigMessageDTO.swift; sourceTree = "<group>"; };
		5108610B229009B60060C12F /* SetMetadataMessageDTO.swift */ = {isa = PBXFileReference; lastKnownFileType = sourcecode.swift; path = SetMetadataMessageDTO.swift; sourceTree = "<group>"; };
		5108610D22900EAF0060C12F /* ClientMetadataKey.swift */ = {isa = PBXFileReference; lastKnownFileType = sourcecode.swift; path = ClientMetadataKey.swift; sourceTree = "<group>"; };
		512BC9682299AAE3008D9589 /* PublishEventDTO.swift */ = {isa = PBXFileReference; lastKnownFileType = sourcecode.swift; path = PublishEventDTO.swift; sourceTree = "<group>"; };
		5138B7B822979630007D6DB5 /* WalletLink.swift */ = {isa = PBXFileReference; lastKnownFileType = sourcecode.swift; path = WalletLink.swift; sourceTree = "<group>"; };
		5159CC7A228FDE2800A257C0 /* WalletLink.framework */ = {isa = PBXFileReference; explicitFileType = wrapper.framework; includeInIndex = 0; path = WalletLink.framework; sourceTree = BUILT_PRODUCTS_DIR; };
		5159CC7D228FDE2800A257C0 /* WalletLink.h */ = {isa = PBXFileReference; lastKnownFileType = sourcecode.c.h; path = WalletLink.h; sourceTree = "<group>"; };
		5159CC7E228FDE2800A257C0 /* Info.plist */ = {isa = PBXFileReference; lastKnownFileType = text.plist.xml; path = Info.plist; sourceTree = "<group>"; };
		5159CC95228FE2A200A257C0 /* WalletLinkConnection.swift */ = {isa = PBXFileReference; lastKnownFileType = sourcecode.swift; path = WalletLinkConnection.swift; sourceTree = "<group>"; };
		5159CC98228FE40C00A257C0 /* ServerRequestDTO.swift */ = {isa = PBXFileReference; lastKnownFileType = sourcecode.swift; path = ServerRequestDTO.swift; sourceTree = "<group>"; };
		5159CC9B228FE45E00A257C0 /* JSONDeserializable.swift */ = {isa = PBXFileReference; lastKnownFileType = sourcecode.swift; path = JSONDeserializable.swift; sourceTree = "<group>"; };
		5159CC9D228FE47500A257C0 /* JSONSerializable.swift */ = {isa = PBXFileReference; lastKnownFileType = sourcecode.swift; path = JSONSerializable.swift; sourceTree = "<group>"; };
		5159CCA2228FE65D00A257C0 /* HostRequest.swift */ = {isa = PBXFileReference; lastKnownFileType = sourcecode.swift; path = HostRequest.swift; sourceTree = "<group>"; };
		5159CCA7228FF21400A257C0 /* StoreKeys+WalletLink.swift */ = {isa = PBXFileReference; lastKnownFileType = sourcecode.swift; path = "StoreKeys+WalletLink.swift"; sourceTree = "<group>"; };
		51695C8922901555003B974E /* WalletLinkError.swift */ = {isa = PBXFileReference; lastKnownFileType = sourcecode.swift; path = WalletLinkError.swift; sourceTree = "<group>"; };
		51695C8B2292389E003B974E /* WalletLinkProtocol.swift */ = {isa = PBXFileReference; lastKnownFileType = sourcecode.swift; path = WalletLinkProtocol.swift; sourceTree = "<group>"; };
		518388012297D28100CCB8D1 /* SessionStore.swift */ = {isa = PBXFileReference; fileEncoding = 4; lastKnownFileType = sourcecode.swift; path = SessionStore.swift; sourceTree = "<group>"; };
		51AFBD28229B5D0E006EBF0E /* Web3RequestDTO.swift */ = {isa = PBXFileReference; lastKnownFileType = sourcecode.swift; path = Web3RequestDTO.swift; sourceTree = "<group>"; };
		51AFBD2A229B5D24006EBF0E /* Web3ResponseDTO.swift */ = {isa = PBXFileReference; lastKnownFileType = sourcecode.swift; path = Web3ResponseDTO.swift; sourceTree = "<group>"; };
		51B8533522B1D89F004589BD /* EventType.swift */ = {isa = PBXFileReference; fileEncoding = 4; lastKnownFileType = sourcecode.swift; path = EventType.swift; sourceTree = "<group>"; };
		51B8533722B1E5ED004589BD /* UInt+WalletLink.swift */ = {isa = PBXFileReference; lastKnownFileType = sourcecode.swift; path = "UInt+WalletLink.swift"; sourceTree = "<group>"; };
		51D42E14228FFBCD00048066 /* Session.swift */ = {isa = PBXFileReference; lastKnownFileType = sourcecode.swift; path = Session.swift; sourceTree = "<group>"; };
		51D42E16228FFE9A00048066 /* PrimitiveSequence+WalletLink.swift */ = {isa = PBXFileReference; lastKnownFileType = sourcecode.swift; path = "PrimitiveSequence+WalletLink.swift"; sourceTree = "<group>"; };
		51D42E18229001BA00048066 /* ClientResponseDTO.swift */ = {isa = PBXFileReference; lastKnownFileType = sourcecode.swift; path = ClientResponseDTO.swift; sourceTree = "<group>"; };
		51D42E1D2290027A00048066 /* JoinSessionMessageDTO.swift */ = {isa = PBXFileReference; lastKnownFileType = sourcecode.swift; path = JoinSessionMessageDTO.swift; sourceTree = "<group>"; };
		51D42E1F2290029500048066 /* ClientMessageType.swift */ = {isa = PBXFileReference; lastKnownFileType = sourcecode.swift; path = ClientMessageType.swift; sourceTree = "<group>"; };
		51D42E21229002D500048066 /* ServerMessageType.swift */ = {isa = PBXFileReference; lastKnownFileType = sourcecode.swift; path = ServerMessageType.swift; sourceTree = "<group>"; };
		51EC62C522998FE200B55164 /* RequestMethod.swift */ = {isa = PBXFileReference; lastKnownFileType = sourcecode.swift; path = RequestMethod.swift; sourceTree = "<group>"; };
		51FC1C0F229B4ABD008CFFC2 /* HostRequestId.swift */ = {isa = PBXFileReference; lastKnownFileType = sourcecode.swift; path = HostRequestId.swift; sourceTree = "<group>"; };
		67A312883E9B5BA9BF15F24C /* libPods-WalletLink.a */ = {isa = PBXFileReference; explicitFileType = archive.ar; includeInIndex = 0; path = "libPods-WalletLink.a"; sourceTree = BUILT_PRODUCTS_DIR; };
		CCDD4A9DB87B3F4D4FC9E9A4 /* Pods-WalletLinkTests.release.xcconfig */ = {isa = PBXFileReference; includeInIndex = 1; lastKnownFileType = text.xcconfig; name = "Pods-WalletLinkTests.release.xcconfig"; path = "Target Support Files/Pods-WalletLinkTests/Pods-WalletLinkTests.release.xcconfig"; sourceTree = "<group>"; };
		D32920DF22EF9FF5008EF056 /* RequestRepository.swift */ = {isa = PBXFileReference; lastKnownFileType = sourcecode.swift; path = RequestRepository.swift; sourceTree = "<group>"; };
		D34578A822A0712A0063286E /* WalletLinkAPI.swift */ = {isa = PBXFileReference; lastKnownFileType = sourcecode.swift; path = WalletLinkAPI.swift; sourceTree = "<group>"; };
		D34578AA22A071B90063286E /* GetEventDTO.swift */ = {isa = PBXFileReference; lastKnownFileType = sourcecode.swift; path = GetEventDTO.swift; sourceTree = "<group>"; };
		D3EAC5FB22B95E8A0036DD4F /* ServerRequestDTO+WalletLink.swift */ = {isa = PBXFileReference; lastKnownFileType = sourcecode.swift; path = "ServerRequestDTO+WalletLink.swift"; sourceTree = "<group>"; };
		D3EAC5FD22B9663E0036DD4F /* Credentials+WalletLink.swift */ = {isa = PBXFileReference; lastKnownFileType = sourcecode.swift; path = "Credentials+WalletLink.swift"; sourceTree = "<group>"; };
		E7FF908822E8D72000C4201D /* Web3RequestCanceledDTO.swift */ = {isa = PBXFileReference; lastKnownFileType = sourcecode.swift; path = Web3RequestCanceledDTO.swift; sourceTree = "<group>"; };
		EE45CAE36C51E9570D753F6A /* Pods_WalletLinkTests.framework */ = {isa = PBXFileReference; explicitFileType = wrapper.framework; includeInIndex = 0; path = Pods_WalletLinkTests.framework; sourceTree = BUILT_PRODUCTS_DIR; };
/* End PBXFileReference section */

/* Begin PBXFrameworksBuildPhase section */
		5159CC77228FDE2800A257C0 /* Frameworks */ = {
			isa = PBXFrameworksBuildPhase;
			buildActionMask = 2147483647;
			files = (
				D2F8587596E5F85365F724E1 /* libPods-WalletLink.a in Frameworks */,
			);
			runOnlyForDeploymentPostprocessing = 0;
		};
/* End PBXFrameworksBuildPhase section */

/* Begin PBXGroup section */
		515663758C5992CAA12B3FAE /* Frameworks */ = {
			isa = PBXGroup;
			children = (
				EE45CAE36C51E9570D753F6A /* Pods_WalletLinkTests.framework */,
				67A312883E9B5BA9BF15F24C /* libPods-WalletLink.a */,
			);
			name = Frameworks;
			sourceTree = "<group>";
		};
		5159CC70228FDE2800A257C0 = {
			isa = PBXGroup;
			children = (
				515663758C5992CAA12B3FAE /* Frameworks */,
				D3D20C12EB57C0AE031483E8 /* Pods */,
				5159CC7B228FDE2800A257C0 /* Products */,
				5159CC7C228FDE2800A257C0 /* Source */,
			);
			sourceTree = "<group>";
		};
		5159CC7B228FDE2800A257C0 /* Products */ = {
			isa = PBXGroup;
			children = (
				5159CC7A228FDE2800A257C0 /* WalletLink.framework */,
			);
			name = Products;
			sourceTree = "<group>";
		};
		5159CC7C228FDE2800A257C0 /* Source */ = {
			isa = PBXGroup;
			children = (
				D34578A722A0711C0063286E /* API */,
				51EC62C422998FD700B55164 /* DTOs */,
				51D42E0A228FF86900048066 /* Errors */,
				5159CC9F228FE4D200A257C0 /* Extensions */,
				5159CC97228FE40200A257C0 /* Models */,
				5159CC94228FE24400A257C0 /* Module */,
				5159CC9A228FE45500A257C0 /* Protocols */,
				5159CCA4228FF1BC00A257C0 /* Storage */,
			);
			path = Source;
			sourceTree = "<group>";
		};
		5159CC94228FE24400A257C0 /* Module */ = {
			isa = PBXGroup;
			children = (
				5159CC7E228FDE2800A257C0 /* Info.plist */,
				5159CC7D228FDE2800A257C0 /* WalletLink.h */,
				5138B7B822979630007D6DB5 /* WalletLink.swift */,
				51695C8B2292389E003B974E /* WalletLinkProtocol.swift */,
			);
			path = Module;
			sourceTree = "<group>";
		};
		5159CC97228FE40200A257C0 /* Models */ = {
			isa = PBXGroup;
			children = (
				51B8533522B1D89F004589BD /* EventType.swift */,
				51D42E1F2290029500048066 /* ClientMessageType.swift */,
				5108610D22900EAF0060C12F /* ClientMetadataKey.swift */,
				5159CCA2228FE65D00A257C0 /* HostRequest.swift */,
				51FC1C0F229B4ABD008CFFC2 /* HostRequestId.swift */,
				51EC62C522998FE200B55164 /* RequestMethod.swift */,
				51D42E21229002D500048066 /* ServerMessageType.swift */,
				51D42E14228FFBCD00048066 /* Session.swift */,
			);
			path = Models;
			sourceTree = "<group>";
		};
		5159CC9A228FE45500A257C0 /* Protocols */ = {
			isa = PBXGroup;
			children = (
				5159CC9B228FE45E00A257C0 /* JSONDeserializable.swift */,
				5159CC9D228FE47500A257C0 /* JSONSerializable.swift */,
			);
			path = Protocols;
			sourceTree = "<group>";
		};
		5159CC9F228FE4D200A257C0 /* Extensions */ = {
			isa = PBXGroup;
			children = (
				51D42E16228FFE9A00048066 /* PrimitiveSequence+WalletLink.swift */,
				5159CCA7228FF21400A257C0 /* StoreKeys+WalletLink.swift */,
				510861072290039C0060C12F /* String+WalletLink.swift */,
				51B8533722B1E5ED004589BD /* UInt+WalletLink.swift */,
				D3EAC5FB22B95E8A0036DD4F /* ServerRequestDTO+WalletLink.swift */,
				D3EAC5FD22B9663E0036DD4F /* Credentials+WalletLink.swift */,
			);
			path = Extensions;
			sourceTree = "<group>";
		};
		5159CCA4228FF1BC00A257C0 /* Storage */ = {
			isa = PBXGroup;
			children = (
				518388012297D28100CCB8D1 /* SessionStore.swift */,
			);
			path = Storage;
			sourceTree = "<group>";
		};
		51D42E0A228FF86900048066 /* Errors */ = {
			isa = PBXGroup;
			children = (
				51695C8922901555003B974E /* WalletLinkError.swift */,
			);
			path = Errors;
			sourceTree = "<group>";
		};
		51EC62C422998FD700B55164 /* DTOs */ = {
			isa = PBXGroup;
			children = (
				51D42E18229001BA00048066 /* ClientResponseDTO.swift */,
				D34578AA22A071B90063286E /* GetEventDTO.swift */,
				51D42E1D2290027A00048066 /* JoinSessionMessageDTO.swift */,
				512BC9682299AAE3008D9589 /* PublishEventDTO.swift */,
				5159CC98228FE40C00A257C0 /* ServerRequestDTO.swift */,
				5108610B229009B60060C12F /* SetMetadataMessageDTO.swift */,
				51086109229008E30060C12F /* SetSessionConfigMessageDTO.swift */,
				51AFBD28229B5D0E006EBF0E /* Web3RequestDTO.swift */,
				51AFBD2A229B5D24006EBF0E /* Web3ResponseDTO.swift */,
				E7FF908822E8D72000C4201D /* Web3RequestCanceledDTO.swift */,
			);
			path = DTOs;
			sourceTree = "<group>";
		};
		D34578A722A0711C0063286E /* API */ = {
			isa = PBXGroup;
			children = (
				D34578A822A0712A0063286E /* WalletLinkAPI.swift */,
				5159CC95228FE2A200A257C0 /* WalletLinkConnection.swift */,
				5101344C229BC49300ABE97F /* WalletLinkWebSocket.swift */,
				D32920DF22EF9FF5008EF056 /* RequestRepository.swift */,
			);
			path = API;
			sourceTree = "<group>";
		};
		D3D20C12EB57C0AE031483E8 /* Pods */ = {
			isa = PBXGroup;
			children = (
				28B4455D48B6DE81335F5B31 /* Pods-WalletLink.debug.xcconfig */,
				05019EE615231CD6AC769385 /* Pods-WalletLink.release.xcconfig */,
				4B9E9CA49BE7C399433F3585 /* Pods-WalletLinkTests.debug.xcconfig */,
				CCDD4A9DB87B3F4D4FC9E9A4 /* Pods-WalletLinkTests.release.xcconfig */,
			);
			path = Pods;
			sourceTree = "<group>";
		};
/* End PBXGroup section */

/* Begin PBXHeadersBuildPhase section */
		5159CC75228FDE2800A257C0 /* Headers */ = {
			isa = PBXHeadersBuildPhase;
			buildActionMask = 2147483647;
			files = (
				5159CC8B228FDE2800A257C0 /* WalletLink.h in Headers */,
			);
			runOnlyForDeploymentPostprocessing = 0;
		};
/* End PBXHeadersBuildPhase section */

/* Begin PBXNativeTarget section */
		5159CC79228FDE2800A257C0 /* WalletLink */ = {
			isa = PBXNativeTarget;
			buildConfigurationList = 5159CC8E228FDE2800A257C0 /* Build configuration list for PBXNativeTarget "WalletLink" */;
			buildPhases = (
				AFF19B802C0A3749C7DDE7FB /* [CP] Check Pods Manifest.lock */,
				5159CC75228FDE2800A257C0 /* Headers */,
				5159CC76228FDE2800A257C0 /* Sources */,
				5159CC77228FDE2800A257C0 /* Frameworks */,
				5159CC78228FDE2800A257C0 /* Resources */,
				512CD2FF2293DB4A001EE108 /* SwiftLint */,
			);
			buildRules = (
			);
			dependencies = (
			);
			name = WalletLink;
			productName = WalletLink;
			productReference = 5159CC7A228FDE2800A257C0 /* WalletLink.framework */;
			productType = "com.apple.product-type.framework";
		};
/* End PBXNativeTarget section */

/* Begin PBXProject section */
		5159CC71228FDE2800A257C0 /* Project object */ = {
			isa = PBXProject;
			attributes = {
				LastSwiftUpdateCheck = 1020;
				LastUpgradeCheck = 1020;
				ORGANIZATIONNAME = "Coinbase Inc";
				TargetAttributes = {
					5159CC79228FDE2800A257C0 = {
						CreatedOnToolsVersion = 10.2.1;
						LastSwiftMigration = 1020;
					};
				};
			};
			buildConfigurationList = 5159CC74228FDE2800A257C0 /* Build configuration list for PBXProject "WalletLink" */;
			compatibilityVersion = "Xcode 9.3";
			developmentRegion = en;
			hasScannedForEncodings = 0;
			knownRegions = (
				en,
			);
			mainGroup = 5159CC70228FDE2800A257C0;
			productRefGroup = 5159CC7B228FDE2800A257C0 /* Products */;
			projectDirPath = "";
			projectRoot = "";
			targets = (
				5159CC79228FDE2800A257C0 /* WalletLink */,
			);
		};
/* End PBXProject section */

/* Begin PBXResourcesBuildPhase section */
		5159CC78228FDE2800A257C0 /* Resources */ = {
			isa = PBXResourcesBuildPhase;
			buildActionMask = 2147483647;
			files = (
			);
			runOnlyForDeploymentPostprocessing = 0;
		};
/* End PBXResourcesBuildPhase section */

/* Begin PBXShellScriptBuildPhase section */
		512CD2FF2293DB4A001EE108 /* SwiftLint */ = {
			isa = PBXShellScriptBuildPhase;
			buildActionMask = 2147483647;
			files = (
			);
			inputFileListPaths = (
			);
			inputPaths = (
			);
			name = SwiftLint;
			outputFileListPaths = (
			);
			outputPaths = (
			);
			runOnlyForDeploymentPostprocessing = 0;
			shellPath = /bin/sh;
			shellScript = "\"${PODS_ROOT}/SwiftLint/swiftlint\"\n";
		};
		AFF19B802C0A3749C7DDE7FB /* [CP] Check Pods Manifest.lock */ = {
			isa = PBXShellScriptBuildPhase;
			buildActionMask = 2147483647;
			files = (
			);
			inputFileListPaths = (
			);
			inputPaths = (
				"${PODS_PODFILE_DIR_PATH}/Podfile.lock",
				"${PODS_ROOT}/Manifest.lock",
			);
			name = "[CP] Check Pods Manifest.lock";
			outputFileListPaths = (
			);
			outputPaths = (
				"$(DERIVED_FILE_DIR)/Pods-WalletLink-checkManifestLockResult.txt",
			);
			runOnlyForDeploymentPostprocessing = 0;
			shellPath = /bin/sh;
			shellScript = "diff \"${PODS_PODFILE_DIR_PATH}/Podfile.lock\" \"${PODS_ROOT}/Manifest.lock\" > /dev/null\nif [ $? != 0 ] ; then\n    # print error to STDERR\n    echo \"error: The sandbox is not in sync with the Podfile.lock. Run 'pod install' or update your CocoaPods installation.\" >&2\n    exit 1\nfi\n# This output is used by Xcode 'outputs' to avoid re-running this script phase.\necho \"SUCCESS\" > \"${SCRIPT_OUTPUT_FILE_0}\"\n";
			showEnvVarsInLog = 0;
		};
/* End PBXShellScriptBuildPhase section */

/* Begin PBXSourcesBuildPhase section */
		5159CC76228FDE2800A257C0 /* Sources */ = {
			isa = PBXSourcesBuildPhase;
			buildActionMask = 2147483647;
			files = (
				D32920E022EF9FF5008EF056 /* RequestRepository.swift in Sources */,
				51FC1C10229B4ABD008CFFC2 /* HostRequestId.swift in Sources */,
				51AFBD29229B5D0E006EBF0E /* Web3RequestDTO.swift in Sources */,
				51D42E22229002D500048066 /* ServerMessageType.swift in Sources */,
				5159CCA8228FF21400A257C0 /* StoreKeys+WalletLink.swift in Sources */,
				51B8533822B1E5ED004589BD /* UInt+WalletLink.swift in Sources */,
				51D42E1E2290027A00048066 /* JoinSessionMessageDTO.swift in Sources */,
				512BC9692299AAE3008D9589 /* PublishEventDTO.swift in Sources */,
				5159CC99228FE40C00A257C0 /* ServerRequestDTO.swift in Sources */,
				51AFBD2B229B5D24006EBF0E /* Web3ResponseDTO.swift in Sources */,
				51D42E19229001BA00048066 /* ClientResponseDTO.swift in Sources */,
				5108610C229009B60060C12F /* SetMetadataMessageDTO.swift in Sources */,
				5159CC96228FE2A200A257C0 /* WalletLinkConnection.swift in Sources */,
				D34578AB22A071B90063286E /* GetEventDTO.swift in Sources */,
				51695C8A22901555003B974E /* WalletLinkError.swift in Sources */,
				5159CC9E228FE47500A257C0 /* JSONSerializable.swift in Sources */,
				518388022297D28100CCB8D1 /* SessionStore.swift in Sources */,
				E7FF908922E8D72000C4201D /* Web3RequestCanceledDTO.swift in Sources */,
				51D42E15228FFBCD00048066 /* Session.swift in Sources */,
				D3EAC5FE22B9663E0036DD4F /* Credentials+WalletLink.swift in Sources */,
				51695C8C2292389E003B974E /* WalletLinkProtocol.swift in Sources */,
				5159CCA3228FE65D00A257C0 /* HostRequest.swift in Sources */,
				5108610A229008E30060C12F /* SetSessionConfigMessageDTO.swift in Sources */,
				5159CC9C228FE45E00A257C0 /* JSONDeserializable.swift in Sources */,
				51D42E202290029500048066 /* ClientMessageType.swift in Sources */,
				5101344D229BC49300ABE97F /* WalletLinkWebSocket.swift in Sources */,
				D3EAC5FC22B95E8A0036DD4F /* ServerRequestDTO+WalletLink.swift in Sources */,
				510861082290039C0060C12F /* String+WalletLink.swift in Sources */,
				5138B7B922979630007D6DB5 /* WalletLink.swift in Sources */,
				51B8533622B1D89F004589BD /* EventType.swift in Sources */,
				51EC62C622998FE200B55164 /* RequestMethod.swift in Sources */,
				51D42E17228FFE9A00048066 /* PrimitiveSequence+WalletLink.swift in Sources */,
				5108610E22900EAF0060C12F /* ClientMetadataKey.swift in Sources */,
				D34578A922A0712A0063286E /* WalletLinkAPI.swift in Sources */,
			);
			runOnlyForDeploymentPostprocessing = 0;
		};
/* End PBXSourcesBuildPhase section */

/* Begin XCBuildConfiguration section */
		5159CC8C228FDE2800A257C0 /* Debug */ = {
			isa = XCBuildConfiguration;
			buildSettings = {
				ALWAYS_SEARCH_USER_PATHS = NO;
				CLANG_ANALYZER_NONNULL = YES;
				CLANG_ANALYZER_NUMBER_OBJECT_CONVERSION = YES_AGGRESSIVE;
				CLANG_CXX_LANGUAGE_STANDARD = "gnu++14";
				CLANG_CXX_LIBRARY = "libc++";
				CLANG_ENABLE_MODULES = YES;
				CLANG_ENABLE_OBJC_ARC = YES;
				CLANG_ENABLE_OBJC_WEAK = YES;
				CLANG_WARN_BLOCK_CAPTURE_AUTORELEASING = YES;
				CLANG_WARN_BOOL_CONVERSION = YES;
				CLANG_WARN_COMMA = YES;
				CLANG_WARN_CONSTANT_CONVERSION = YES;
				CLANG_WARN_DEPRECATED_OBJC_IMPLEMENTATIONS = YES;
				CLANG_WARN_DIRECT_OBJC_ISA_USAGE = YES_ERROR;
				CLANG_WARN_DOCUMENTATION_COMMENTS = YES;
				CLANG_WARN_EMPTY_BODY = YES;
				CLANG_WARN_ENUM_CONVERSION = YES;
				CLANG_WARN_INFINITE_RECURSION = YES;
				CLANG_WARN_INT_CONVERSION = YES;
				CLANG_WARN_NON_LITERAL_NULL_CONVERSION = YES;
				CLANG_WARN_OBJC_IMPLICIT_RETAIN_SELF = YES;
				CLANG_WARN_OBJC_LITERAL_CONVERSION = YES;
				CLANG_WARN_OBJC_ROOT_CLASS = YES_ERROR;
				CLANG_WARN_RANGE_LOOP_ANALYSIS = YES;
				CLANG_WARN_STRICT_PROTOTYPES = YES;
				CLANG_WARN_SUSPICIOUS_MOVE = YES;
				CLANG_WARN_UNGUARDED_AVAILABILITY = YES_AGGRESSIVE;
				CLANG_WARN_UNREACHABLE_CODE = YES;
				CLANG_WARN__DUPLICATE_METHOD_MATCH = YES;
				CODE_SIGN_IDENTITY = "iPhone Developer";
				COPY_PHASE_STRIP = NO;
				CURRENT_PROJECT_VERSION = 1;
				DEBUG_INFORMATION_FORMAT = dwarf;
				ENABLE_STRICT_OBJC_MSGSEND = YES;
				ENABLE_TESTABILITY = YES;
				GCC_C_LANGUAGE_STANDARD = gnu11;
				GCC_DYNAMIC_NO_PIC = NO;
				GCC_NO_COMMON_BLOCKS = YES;
				GCC_OPTIMIZATION_LEVEL = 0;
				GCC_PREPROCESSOR_DEFINITIONS = (
					"DEBUG=1",
					"$(inherited)",
				);
				GCC_WARN_64_TO_32_BIT_CONVERSION = YES;
				GCC_WARN_ABOUT_RETURN_TYPE = YES_ERROR;
				GCC_WARN_UNDECLARED_SELECTOR = YES;
				GCC_WARN_UNINITIALIZED_AUTOS = YES_AGGRESSIVE;
				GCC_WARN_UNUSED_FUNCTION = YES;
				GCC_WARN_UNUSED_VARIABLE = YES;
				IPHONEOS_DEPLOYMENT_TARGET = 12.2;
				MTL_ENABLE_DEBUG_INFO = INCLUDE_SOURCE;
				MTL_FAST_MATH = YES;
				ONLY_ACTIVE_ARCH = YES;
				SDKROOT = iphoneos;
				SWIFT_ACTIVE_COMPILATION_CONDITIONS = DEBUG;
				SWIFT_OPTIMIZATION_LEVEL = "-Onone";
				VERSIONING_SYSTEM = "apple-generic";
				VERSION_INFO_PREFIX = "";
			};
			name = Debug;
		};
		5159CC8D228FDE2800A257C0 /* Release */ = {
			isa = XCBuildConfiguration;
			buildSettings = {
				ALWAYS_SEARCH_USER_PATHS = NO;
				CLANG_ANALYZER_NONNULL = YES;
				CLANG_ANALYZER_NUMBER_OBJECT_CONVERSION = YES_AGGRESSIVE;
				CLANG_CXX_LANGUAGE_STANDARD = "gnu++14";
				CLANG_CXX_LIBRARY = "libc++";
				CLANG_ENABLE_MODULES = YES;
				CLANG_ENABLE_OBJC_ARC = YES;
				CLANG_ENABLE_OBJC_WEAK = YES;
				CLANG_WARN_BLOCK_CAPTURE_AUTORELEASING = YES;
				CLANG_WARN_BOOL_CONVERSION = YES;
				CLANG_WARN_COMMA = YES;
				CLANG_WARN_CONSTANT_CONVERSION = YES;
				CLANG_WARN_DEPRECATED_OBJC_IMPLEMENTATIONS = YES;
				CLANG_WARN_DIRECT_OBJC_ISA_USAGE = YES_ERROR;
				CLANG_WARN_DOCUMENTATION_COMMENTS = YES;
				CLANG_WARN_EMPTY_BODY = YES;
				CLANG_WARN_ENUM_CONVERSION = YES;
				CLANG_WARN_INFINITE_RECURSION = YES;
				CLANG_WARN_INT_CONVERSION = YES;
				CLANG_WARN_NON_LITERAL_NULL_CONVERSION = YES;
				CLANG_WARN_OBJC_IMPLICIT_RETAIN_SELF = YES;
				CLANG_WARN_OBJC_LITERAL_CONVERSION = YES;
				CLANG_WARN_OBJC_ROOT_CLASS = YES_ERROR;
				CLANG_WARN_RANGE_LOOP_ANALYSIS = YES;
				CLANG_WARN_STRICT_PROTOTYPES = YES;
				CLANG_WARN_SUSPICIOUS_MOVE = YES;
				CLANG_WARN_UNGUARDED_AVAILABILITY = YES_AGGRESSIVE;
				CLANG_WARN_UNREACHABLE_CODE = YES;
				CLANG_WARN__DUPLICATE_METHOD_MATCH = YES;
				CODE_SIGN_IDENTITY = "iPhone Developer";
				COPY_PHASE_STRIP = NO;
				CURRENT_PROJECT_VERSION = 1;
				DEBUG_INFORMATION_FORMAT = "dwarf-with-dsym";
				ENABLE_NS_ASSERTIONS = NO;
				ENABLE_STRICT_OBJC_MSGSEND = YES;
				GCC_C_LANGUAGE_STANDARD = gnu11;
				GCC_NO_COMMON_BLOCKS = YES;
				GCC_WARN_64_TO_32_BIT_CONVERSION = YES;
				GCC_WARN_ABOUT_RETURN_TYPE = YES_ERROR;
				GCC_WARN_UNDECLARED_SELECTOR = YES;
				GCC_WARN_UNINITIALIZED_AUTOS = YES_AGGRESSIVE;
				GCC_WARN_UNUSED_FUNCTION = YES;
				GCC_WARN_UNUSED_VARIABLE = YES;
				IPHONEOS_DEPLOYMENT_TARGET = 12.2;
				MTL_ENABLE_DEBUG_INFO = NO;
				MTL_FAST_MATH = YES;
				SDKROOT = iphoneos;
				SWIFT_COMPILATION_MODE = wholemodule;
				SWIFT_OPTIMIZATION_LEVEL = "-O";
				VALIDATE_PRODUCT = YES;
				VERSIONING_SYSTEM = "apple-generic";
				VERSION_INFO_PREFIX = "";
			};
			name = Release;
		};
		5159CC8F228FDE2800A257C0 /* Debug */ = {
			isa = XCBuildConfiguration;
			baseConfigurationReference = 28B4455D48B6DE81335F5B31 /* Pods-WalletLink.debug.xcconfig */;
			buildSettings = {
				CLANG_ENABLE_MODULES = YES;
				CODE_SIGN_IDENTITY = "";
				CODE_SIGN_STYLE = Automatic;
				DEFINES_MODULE = YES;
				DYLIB_COMPATIBILITY_VERSION = 1;
				DYLIB_CURRENT_VERSION = 1;
				DYLIB_INSTALL_NAME_BASE = "@rpath";
				INFOPLIST_FILE = "$(SRCROOT)/Source/Module/Info.plist";
				INSTALL_PATH = "$(LOCAL_LIBRARY_DIR)/Frameworks";
				IPHONEOS_DEPLOYMENT_TARGET = 11.0;
				LD_RUNPATH_SEARCH_PATHS = (
					"$(inherited)",
					"@executable_path/Frameworks",
					"@loader_path/Frameworks",
				);
				PRODUCT_BUNDLE_IDENTIFIER = com.coinbase.wallet.WalletLink;
				PRODUCT_NAME = "$(TARGET_NAME:c99extidentifier)";
				SKIP_INSTALL = YES;
				SWIFT_OPTIMIZATION_LEVEL = "-Onone";
				SWIFT_VERSION = 4.2;
				TARGETED_DEVICE_FAMILY = "1,2";
			};
			name = Debug;
		};
		5159CC90228FDE2800A257C0 /* Release */ = {
			isa = XCBuildConfiguration;
			baseConfigurationReference = 05019EE615231CD6AC769385 /* Pods-WalletLink.release.xcconfig */;
			buildSettings = {
				CLANG_ENABLE_MODULES = YES;
				CODE_SIGN_IDENTITY = "";
				CODE_SIGN_STYLE = Automatic;
				DEFINES_MODULE = YES;
				DYLIB_COMPATIBILITY_VERSION = 1;
				DYLIB_CURRENT_VERSION = 1;
				DYLIB_INSTALL_NAME_BASE = "@rpath";
				INFOPLIST_FILE = "$(SRCROOT)/Source/Module/Info.plist";
				INSTALL_PATH = "$(LOCAL_LIBRARY_DIR)/Frameworks";
				IPHONEOS_DEPLOYMENT_TARGET = 11.0;
				LD_RUNPATH_SEARCH_PATHS = (
					"$(inherited)",
					"@executable_path/Frameworks",
					"@loader_path/Frameworks",
				);
				PRODUCT_BUNDLE_IDENTIFIER = com.coinbase.wallet.WalletLink;
				PRODUCT_NAME = "$(TARGET_NAME:c99extidentifier)";
				SKIP_INSTALL = YES;
				SWIFT_VERSION = 4.2;
				TARGETED_DEVICE_FAMILY = "1,2";
			};
			name = Release;
		};
/* End XCBuildConfiguration section */

/* Begin XCConfigurationList section */
		5159CC74228FDE2800A257C0 /* Build configuration list for PBXProject "WalletLink" */ = {
			isa = XCConfigurationList;
			buildConfigurations = (
				5159CC8C228FDE2800A257C0 /* Debug */,
				5159CC8D228FDE2800A257C0 /* Release */,
			);
			defaultConfigurationIsVisible = 0;
			defaultConfigurationName = Release;
		};
		5159CC8E228FDE2800A257C0 /* Build configuration list for PBXNativeTarget "WalletLink" */ = {
			isa = XCConfigurationList;
			buildConfigurations = (
				5159CC8F228FDE2800A257C0 /* Debug */,
				5159CC90228FDE2800A257C0 /* Release */,
			);
			defaultConfigurationIsVisible = 0;
			defaultConfigurationName = Release;
		};
/* End XCConfigurationList section */
	};
	rootObject = 5159CC71228FDE2800A257C0 /* Project object */;
}
