PODS:
  - CBCrypto (0.1.0):
    - CryptoSwift (~> 1.0.0)
  - CBHTTP (0.1.0):
    - RxCocoa
    - RxSwift
    - Starscream
  - CBStore (0.1.0):
    - RxSwift (~> 4.4.0)
  - CryptoSwift (1.0.0)
  - RxAtomic (4.4.2)
  - RxCocoa (4.4.2):
    - RxSwift (>= 4.4.2, ~> 4.4)
  - RxSwift (4.4.2):
    - RxAtomic (>= 4.4.2, ~> 4.4)
  - Starscream (3.1.0)
  - SwiftFormat/CLI (0.37.2)
  - SwiftLint (0.32.0)

DEPENDENCIES:
  - "CBCrypto (from `git@github.com:CoinbaseWallet/CBCrypto.git`, commit `24ff5f6b2dd8e9cbe9ebf3df058e1cddf3632a1b`)"
  - "CBHTTP (from `git@github.com:CoinbaseWallet/CBHTTP.git`, commit `efc22abb7f982f2a5ff8e73142ce7810823a963c`)"
  - "CBStore (from `git@github.com:CoinbaseWallet/Stores.git`, commit `f6780247a1c25797c944c2f43f259d1150147ef7`)"
  - RxCocoa (~> 4.4.0)
  - RxSwift (~> 4.4.0)
  - Starscream (~> 3.1)
  - SwiftFormat/CLI (= 0.37.2)
  - SwiftLint

SPEC REPOS:
  https://github.com/cocoapods/specs.git:
    - CryptoSwift
    - RxAtomic
    - RxCocoa
    - RxSwift
    - Starscream
    - SwiftFormat
    - SwiftLint

EXTERNAL SOURCES:
  CBCrypto:
    :commit: 24ff5f6b2dd8e9cbe9ebf3df058e1cddf3632a1b
    :git: "git@github.com:CoinbaseWallet/CBCrypto.git"
  CBHTTP:
    :commit: efc22abb7f982f2a5ff8e73142ce7810823a963c
    :git: "git@github.com:CoinbaseWallet/CBHTTP.git"
  CBStore:
    :commit: f6780247a1c25797c944c2f43f259d1150147ef7
    :git: "git@github.com:CoinbaseWallet/Stores.git"

CHECKOUT OPTIONS:
  CBCrypto:
    :commit: 24ff5f6b2dd8e9cbe9ebf3df058e1cddf3632a1b
    :git: "git@github.com:CoinbaseWallet/CBCrypto.git"
  CBHTTP:
    :commit: efc22abb7f982f2a5ff8e73142ce7810823a963c
    :git: "git@github.com:CoinbaseWallet/CBHTTP.git"
  CBStore:
    :commit: f6780247a1c25797c944c2f43f259d1150147ef7
    :git: "git@github.com:CoinbaseWallet/Stores.git"

SPEC CHECKSUMS:
  CBCrypto: b5e8ebe32eb738f92d289d475867e5835564610e
  CBHTTP: e7812754bfafb4d99cf2a3a93043554e3dcc513b
  CBStore: bc68a812594ac854a4fbaffb97aa9a3ca788494c
  CryptoSwift: d81eeaa59dc5a8d03720fe919a6fd07b51f7439f
  RxAtomic: d00e97c10db88c6f08540e0bf2752fc5a2404167
  RxCocoa: 477990dc3b4c3ff55fb0ac77e1cc06244e0aaec8
  RxSwift: 74c29b693c8e42b0f64400e8b06564575742d649
  Starscream: 08172b481e145289c4930cb567230fb55897cfa4
  SwiftFormat: abbfb26dde4c6d683923cde153c88e10da9d7881
  SwiftLint: 009a898ef2a1c851f45e1b59349bf6ff2ddc990d

PODFILE CHECKSUM: 1fa4b3a1bb083a8bd0ac14457319c60ef74a7b70

COCOAPODS: 1.6.2
