PODS:
  - BigInt (3.1.0):
    - SipHash (~> 1.2)
  - CBCore (0.1.0):
    - BigInt (~> 3.1.0)
    - RxSwift (~> 4.4.0)
  - CBCrypto (0.1.0):
    - CBCore
    - CryptoSwift (~> 1.0.0)
  - CBDatabase (0.1.0):
    - BigInt (~> 3.1)
    - RxCocoa (~> 4.4.0)
    - RxSwift (~> 4.4.0)
  - CBHTTP (0.1.0):
    - RxCocoa
    - RxSwift
    - Starscream
  - CBStore (0.1.0):
    - RxSwift (~> 4.4.0)
  - CryptoSwift (1.0.0)
  - RxAtomic (4.4.2)
  - RxCocoa (4.4.2):
    - RxSwift (>= 4.4.2, ~> 4.4)
  - RxSwift (4.4.2):
    - RxAtomic (>= 4.4.2, ~> 4.4)
  - SipHash (1.2.2)
  - Starscream (3.1.0)
  - SwiftFormat/CLI (0.37.2)
  - SwiftLint (0.32.0)

DEPENDENCIES:
  - BigInt (~> 3.1.0)
  - "CBCore (from `git@github.com:CoinbaseWallet/CBCore.git`, commit `c0794273603bcd5e53b770f3d3595e333b4bc356`)"
  - "CBCrypto (from `git@github.com:CoinbaseWallet/CBCrypto.git`, commit `9b0990148600a7eb9b996b7f060b76761f6792ce`)"
  - "CBDatabase (from `git@github.com:CoinbaseWallet/CBDatabase.git`, commit `7ee0ac6c73f4a270c0f0fee023953e63ab87ea5a`)"
  - "CBHTTP (from `git@github.com:CoinbaseWallet/CBHTTP.git`, commit `a616dfe10ee470fe1c0fb19fa605a142f634612a`)"
  - "CBStore (from `git@github.com:CoinbaseWallet/Stores.git`, commit `444c4d462a91068729f245852fd111be5261f78c`)"
  - RxCocoa (~> 4.4.0)
  - RxSwift (~> 4.4.0)
  - Starscream (~> 3.1)
  - SwiftFormat/CLI (= 0.37.2)
  - SwiftLint

SPEC REPOS:
  https://github.com/CocoaPods/Specs.git:
    - BigInt
    - RxAtomic
    - RxCocoa
    - RxSwift
    - SipHash
    - Starscream
    - SwiftFormat
    - SwiftLint
  trunk:
    - CryptoSwift

EXTERNAL SOURCES:
  CBCore:
    :commit: c0794273603bcd5e53b770f3d3595e333b4bc356
    :git: "git@github.com:CoinbaseWallet/CBCore.git"
  CBCrypto:
    :commit: 9b0990148600a7eb9b996b7f060b76761f6792ce
    :git: "git@github.com:CoinbaseWallet/CBCrypto.git"
  CBDatabase:
    :commit: 7ee0ac6c73f4a270c0f0fee023953e63ab87ea5a
    :git: "git@github.com:CoinbaseWallet/CBDatabase.git"
  CBHTTP:
    :commit: a616dfe10ee470fe1c0fb19fa605a142f634612a
    :git: "git@github.com:CoinbaseWallet/CBHTTP.git"
  CBStore:
    :commit: 444c4d462a91068729f245852fd111be5261f78c
    :git: "git@github.com:CoinbaseWallet/Stores.git"

CHECKOUT OPTIONS:
  CBCore:
    :commit: c0794273603bcd5e53b770f3d3595e333b4bc356
    :git: "git@github.com:CoinbaseWallet/CBCore.git"
  CBCrypto:
    :commit: 9b0990148600a7eb9b996b7f060b76761f6792ce
    :git: "git@github.com:CoinbaseWallet/CBCrypto.git"
  CBDatabase:
    :commit: 7ee0ac6c73f4a270c0f0fee023953e63ab87ea5a
    :git: "git@github.com:CoinbaseWallet/CBDatabase.git"
  CBHTTP:
    :commit: a616dfe10ee470fe1c0fb19fa605a142f634612a
    :git: "git@github.com:CoinbaseWallet/CBHTTP.git"
  CBStore:
    :commit: 444c4d462a91068729f245852fd111be5261f78c
    :git: "git@github.com:CoinbaseWallet/Stores.git"

SPEC CHECKSUMS:
  BigInt: 76b5dfdfa3e2e478d4ffdf161aeede5502e2742f
  CBCore: 71c078ace7cb1b06ca72d7a774e159f2dd453004
  CBCrypto: b7533edfdad7f3ca7f350ba376038f711a8b8cd6
  CBDatabase: 1e392c3bdb81427ccf8f4c20013792358c50016e
  CBHTTP: a079a9c9b3bfe9cfbdd50329a91d436ec8451687
  CBStore: b1f28915a56e6c8563c4771693dd93ae9288e47d
  CryptoSwift: d81eeaa59dc5a8d03720fe919a6fd07b51f7439f
  RxAtomic: d00e97c10db88c6f08540e0bf2752fc5a2404167
  RxCocoa: 477990dc3b4c3ff55fb0ac77e1cc06244e0aaec8
  RxSwift: 74c29b693c8e42b0f64400e8b06564575742d649
  SipHash: fad90a4683e420c52ef28063063dbbce248ea6d4
  Starscream: 08172b481e145289c4930cb567230fb55897cfa4
  SwiftFormat: abbfb26dde4c6d683923cde153c88e10da9d7881
  SwiftLint: 009a898ef2a1c851f45e1b59349bf6ff2ddc990d

PODFILE CHECKSUM: 5e5543cfcd96049f865192faad7d118f186795a5

COCOAPODS: 1.8.1
